// !$*UTF8*$!
{
	archiveVersion = 1;
	classes = {
	};
	objectVersion = 56;
	objects = {

/* Begin PBXBuildFile section */
		2DFED80E2C7A25BA00C1733F /* SwiftUI_SwiftBook_6App.swift in Sources */ = {isa = PBXBuildFile; fileRef = 2DFED80D2C7A25BA00C1733F /* SwiftUI_SwiftBook_6App.swift */; };
		2DFED8102C7A25BA00C1733F /* ContentView.swift in Sources */ = {isa = PBXBuildFile; fileRef = 2DFED80F2C7A25BA00C1733F /* ContentView.swift */; };
		2DFED8122C7A25BC00C1733F /* Assets.xcassets in Resources */ = {isa = PBXBuildFile; fileRef = 2DFED8112C7A25BC00C1733F /* Assets.xcassets */; };
		2DFED8152C7A25BC00C1733F /* Preview Assets.xcassets in Resources */ = {isa = PBXBuildFile; fileRef = 2DFED8142C7A25BC00C1733F /* Preview Assets.xcassets */; };
		2DFED81C2C7A27BD00C1733F /* GradientRectangles.swift in Sources */ = {isa = PBXBuildFile; fileRef = 2DFED81B2C7A27BD00C1733F /* GradientRectangles.swift */; };
		2DFED81E2C7A2BFC00C1733F /* PathView.swift in Sources */ = {isa = PBXBuildFile; fileRef = 2DFED81D2C7A2BFC00C1733F /* PathView.swift */; };
		2DFED8202C7A3A3800C1733F /* AwardsView.swift in Sources */ = {isa = PBXBuildFile; fileRef = 2DFED81F2C7A3A3800C1733F /* AwardsView.swift */; };
		2DFED8222C7A42E500C1733F /* CurvesView.swift in Sources */ = {isa = PBXBuildFile; fileRef = 2DFED8212C7A42E500C1733F /* CurvesView.swift */; };
		2DFED8242C7A4E6700C1733F /* MainView.swift in Sources */ = {isa = PBXBuildFile; fileRef = 2DFED8232C7A4E6700C1733F /* MainView.swift */; };
		2DFED8262C7A5B2E00C1733F /* CartRacingView.swift in Sources */ = {isa = PBXBuildFile; fileRef = 2DFED8252C7A5B2E00C1733F /* CartRacingView.swift */; };
/* End PBXBuildFile section */

/* Begin PBXFileReference section */
		2DFED80A2C7A25BA00C1733F /* SwiftUI-SwiftBook-6.app */ = {isa = PBXFileReference; explicitFileType = wrapper.application; includeInIndex = 0; path = "SwiftUI-SwiftBook-6.app"; sourceTree = BUILT_PRODUCTS_DIR; };
		2DFED80D2C7A25BA00C1733F /* SwiftUI_SwiftBook_6App.swift */ = {isa = PBXFileReference; lastKnownFileType = sourcecode.swift; path = SwiftUI_SwiftBook_6App.swift; sourceTree = "<group>"; };
		2DFED80F2C7A25BA00C1733F /* ContentView.swift */ = {isa = PBXFileReference; lastKnownFileType = sourcecode.swift; path = ContentView.swift; sourceTree = "<group>"; };
		2DFED8112C7A25BC00C1733F /* Assets.xcassets */ = {isa = PBXFileReference; lastKnownFileType = folder.assetcatalog; path = Assets.xcassets; sourceTree = "<group>"; };
		2DFED8142C7A25BC00C1733F /* Preview Assets.xcassets */ = {isa = PBXFileReference; lastKnownFileType = folder.assetcatalog; path = "Preview Assets.xcassets"; sourceTree = "<group>"; };
		2DFED81B2C7A27BD00C1733F /* GradientRectangles.swift */ = {isa = PBXFileReference; lastKnownFileType = sourcecode.swift; path = GradientRectangles.swift; sourceTree = "<group>"; };
		2DFED81D2C7A2BFC00C1733F /* PathView.swift */ = {isa = PBXFileReference; lastKnownFileType = sourcecode.swift; path = PathView.swift; sourceTree = "<group>"; };
		2DFED81F2C7A3A3800C1733F /* AwardsView.swift */ = {isa = PBXFileReference; lastKnownFileType = sourcecode.swift; path = AwardsView.swift; sourceTree = "<group>"; };
		2DFED8212C7A42E500C1733F /* CurvesView.swift */ = {isa = PBXFileReference; lastKnownFileType = sourcecode.swift; path = CurvesView.swift; sourceTree = "<group>"; };
		2DFED8232C7A4E6700C1733F /* MainView.swift */ = {isa = PBXFileReference; lastKnownFileType = sourcecode.swift; path = MainView.swift; sourceTree = "<group>"; };
		2DFED8252C7A5B2E00C1733F /* CartRacingView.swift */ = {isa = PBXFileReference; lastKnownFileType = sourcecode.swift; path = CartRacingView.swift; sourceTree = "<group>"; };
/* End PBXFileReference section */

/* Begin PBXFrameworksBuildPhase section */
		2DFED8072C7A25BA00C1733F /* Frameworks */ = {
			isa = PBXFrameworksBuildPhase;
			buildActionMask = 2147483647;
			files = (
			);
			runOnlyForDeploymentPostprocessing = 0;
		};
/* End PBXFrameworksBuildPhase section */

/* Begin PBXGroup section */
		2DFED8012C7A25BA00C1733F = {
			isa = PBXGroup;
			children = (
				2DFED80C2C7A25BA00C1733F /* SwiftUI-SwiftBook-6 */,
				2DFED80B2C7A25BA00C1733F /* Products */,
			);
			sourceTree = "<group>";
		};
		2DFED80B2C7A25BA00C1733F /* Products */ = {
			isa = PBXGroup;
			children = (
				2DFED80A2C7A25BA00C1733F /* SwiftUI-SwiftBook-6.app */,
			);
			name = Products;
			sourceTree = "<group>";
		};
		2DFED80C2C7A25BA00C1733F /* SwiftUI-SwiftBook-6 */ = {
			isa = PBXGroup;
			children = (
				2DFED80D2C7A25BA00C1733F /* SwiftUI_SwiftBook_6App.swift */,
				2DFED80F2C7A25BA00C1733F /* ContentView.swift */,
				2DFED81D2C7A2BFC00C1733F /* PathView.swift */,
				2DFED81F2C7A3A3800C1733F /* AwardsView.swift */,
				2DFED8232C7A4E6700C1733F /* MainView.swift */,
				2DFED8252C7A5B2E00C1733F /* CartRacingView.swift */,
				2DFED8212C7A42E500C1733F /* CurvesView.swift */,
				2DFED81B2C7A27BD00C1733F /* GradientRectangles.swift */,
				2DFED8112C7A25BC00C1733F /* Assets.xcassets */,
				2DFED8132C7A25BC00C1733F /* Preview Content */,
			);
			path = "SwiftUI-SwiftBook-6";
			sourceTree = "<group>";
		};
		2DFED8132C7A25BC00C1733F /* Preview Content */ = {
			isa = PBXGroup;
			children = (
				2DFED8142C7A25BC00C1733F /* Preview Assets.xcassets */,
			);
			path = "Preview Content";
			sourceTree = "<group>";
		};
/* End PBXGroup section */

/* Begin PBXNativeTarget section */
		2DFED8092C7A25BA00C1733F /* SwiftUI-SwiftBook-6 */ = {
			isa = PBXNativeTarget;
			buildConfigurationList = 2DFED8182C7A25BC00C1733F /* Build configuration list for PBXNativeTarget "SwiftUI-SwiftBook-6" */;
			buildPhases = (
				2DFED8062C7A25BA00C1733F /* Sources */,
				2DFED8072C7A25BA00C1733F /* Frameworks */,
				2DFED8082C7A25BA00C1733F /* Resources */,
			);
			buildRules = (
			);
			dependencies = (
			);
			name = "SwiftUI-SwiftBook-6";
			productName = "SwiftUI-SwiftBook-6";
			productReference = 2DFED80A2C7A25BA00C1733F /* SwiftUI-SwiftBook-6.app */;
			productType = "com.apple.product-type.application";
		};
/* End PBXNativeTarget section */

/* Begin PBXProject section */
		2DFED8022C7A25BA00C1733F /* Project object */ = {
			isa = PBXProject;
			attributes = {
				BuildIndependentTargetsInParallel = 1;
				LastSwiftUpdateCheck = 1530;
				LastUpgradeCheck = 1530;
				TargetAttributes = {
					2DFED8092C7A25BA00C1733F = {
						CreatedOnToolsVersion = 15.3;
					};
				};
			};
			buildConfigurationList = 2DFED8052C7A25BA00C1733F /* Build configuration list for PBXProject "SwiftUI-SwiftBook-6" */;
			compatibilityVersion = "Xcode 14.0";
			developmentRegion = en;
			hasScannedForEncodings = 0;
			knownRegions = (
				en,
				Base,
			);
			mainGroup = 2DFED8012C7A25BA00C1733F;
			productRefGroup = 2DFED80B2C7A25BA00C1733F /* Products */;
			projectDirPath = "";
			projectRoot = "";
			targets = (
				2DFED8092C7A25BA00C1733F /* SwiftUI-SwiftBook-6 */,
			);
		};
/* End PBXProject section */

/* Begin PBXResourcesBuildPhase section */
		2DFED8082C7A25BA00C1733F /* Resources */ = {
			isa = PBXResourcesBuildPhase;
			buildActionMask = 2147483647;
			files = (
				2DFED8152C7A25BC00C1733F /* Preview Assets.xcassets in Resources */,
				2DFED8122C7A25BC00C1733F /* Assets.xcassets in Resources */,
			);
			runOnlyForDeploymentPostprocessing = 0;
		};
/* End PBXResourcesBuildPhase section */

/* Begin PBXSourcesBuildPhase section */
		2DFED8062C7A25BA00C1733F /* Sources */ = {
			isa = PBXSourcesBuildPhase;
			buildActionMask = 2147483647;
			files = (
				2DFED8262C7A5B2E00C1733F /* CartRacingView.swift in Sources */,
				2DFED8242C7A4E6700C1733F /* MainView.swift in Sources */,
				2DFED8222C7A42E500C1733F /* CurvesView.swift in Sources */,
				2DFED8102C7A25BA00C1733F /* ContentView.swift in Sources */,
				2DFED81E2C7A2BFC00C1733F /* PathView.swift in Sources */,
				2DFED8202C7A3A3800C1733F /* AwardsView.swift in Sources */,
				2DFED80E2C7A25BA00C1733F /* SwiftUI_SwiftBook_6App.swift in Sources */,
				2DFED81C2C7A27BD00C1733F /* GradientRectangles.swift in Sources */,
			);
			runOnlyForDeploymentPostprocessing = 0;
		};
/* End PBXSourcesBuildPhase section */

/* Begin XCBuildConfiguration section */
		2DFED8162C7A25BC00C1733F /* Debug */ = {
			isa = XCBuildConfiguration;
			buildSettings = {
				ALWAYS_SEARCH_USER_PATHS = NO;
				ASSETCATALOG_COMPILER_GENERATE_SWIFT_ASSET_SYMBOL_EXTENSIONS = YES;
				CLANG_ANALYZER_NONNULL = YES;
				CLANG_ANALYZER_NUMBER_OBJECT_CONVERSION = YES_AGGRESSIVE;
				CLANG_CXX_LANGUAGE_STANDARD = "gnu++20";
				CLANG_ENABLE_MODULES = YES;
				CLANG_ENABLE_OBJC_ARC = YES;
				CLANG_ENABLE_OBJC_WEAK = YES;
				CLANG_WARN_BLOCK_CAPTURE_AUTORELEASING = YES;
				CLANG_WARN_BOOL_CONVERSION = YES;
				CLANG_WARN_COMMA = YES;
				CLANG_WARN_CONSTANT_CONVERSION = YES;
				CLANG_WARN_DEPRECATED_OBJC_IMPLEMENTATIONS = YES;
				CLANG_WARN_DIRECT_OBJC_ISA_USAGE = YES_ERROR;
				CLANG_WARN_DOCUMENTATION_COMMENTS = YES;
				CLANG_WARN_EMPTY_BODY = YES;
				CLANG_WARN_ENUM_CONVERSION = YES;
				CLANG_WARN_INFINITE_RECURSION = YES;
				CLANG_WARN_INT_CONVERSION = YES;
				CLANG_WARN_NON_LITERAL_NULL_CONVERSION = YES;
				CLANG_WARN_OBJC_IMPLICIT_RETAIN_SELF = YES;
				CLANG_WARN_OBJC_LITERAL_CONVERSION = YES;
				CLANG_WARN_OBJC_ROOT_CLASS = YES_ERROR;
				CLANG_WARN_QUOTED_INCLUDE_IN_FRAMEWORK_HEADER = YES;
				CLANG_WARN_RANGE_LOOP_ANALYSIS = YES;
				CLANG_WARN_STRICT_PROTOTYPES = YES;
				CLANG_WARN_SUSPICIOUS_MOVE = YES;
				CLANG_WARN_UNGUARDED_AVAILABILITY = YES_AGGRESSIVE;
				CLANG_WARN_UNREACHABLE_CODE = YES;
				CLANG_WARN__DUPLICATE_METHOD_MATCH = YES;
				COPY_PHASE_STRIP = NO;
				DEBUG_INFORMATION_FORMAT = dwarf;
				ENABLE_STRICT_OBJC_MSGSEND = YES;
				ENABLE_TESTABILITY = YES;
				ENABLE_USER_SCRIPT_SANDBOXING = YES;
				GCC_C_LANGUAGE_STANDARD = gnu17;
				GCC_DYNAMIC_NO_PIC = NO;
				GCC_NO_COMMON_BLOCKS = YES;
				GCC_OPTIMIZATION_LEVEL = 0;
				GCC_PREPROCESSOR_DEFINITIONS = (
					"DEBUG=1",
					"$(inherited)",
				);
				GCC_WARN_64_TO_32_BIT_CONVERSION = YES;
				GCC_WARN_ABOUT_RETURN_TYPE = YES_ERROR;
				GCC_WARN_UNDECLARED_SELECTOR = YES;
				GCC_WARN_UNINITIALIZED_AUTOS = YES_AGGRESSIVE;
				GCC_WARN_UNUSED_FUNCTION = YES;
				GCC_WARN_UNUSED_VARIABLE = YES;
				IPHONEOS_DEPLOYMENT_TARGET = 17.4;
				LOCALIZATION_PREFERS_STRING_CATALOGS = YES;
				MTL_ENABLE_DEBUG_INFO = INCLUDE_SOURCE;
				MTL_FAST_MATH = YES;
				ONLY_ACTIVE_ARCH = YES;
				SDKROOT = iphoneos;
				SWIFT_ACTIVE_COMPILATION_CONDITIONS = "DEBUG $(inherited)";
				SWIFT_OPTIMIZATION_LEVEL = "-Onone";
			};
			name = Debug;
		};
		2DFED8172C7A25BC00C1733F /* Release */ = {
			isa = XCBuildConfiguration;
			buildSettings = {
				ALWAYS_SEARCH_USER_PATHS = NO;
				ASSETCATALOG_COMPILER_GENERATE_SWIFT_ASSET_SYMBOL_EXTENSIONS = YES;
				CLANG_ANALYZER_NONNULL = YES;
				CLANG_ANALYZER_NUMBER_OBJECT_CONVERSION = YES_AGGRESSIVE;
				CLANG_CXX_LANGUAGE_STANDARD = "gnu++20";
				CLANG_ENABLE_MODULES = YES;
				CLANG_ENABLE_OBJC_ARC = YES;
				CLANG_ENABLE_OBJC_WEAK = YES;
				CLANG_WARN_BLOCK_CAPTURE_AUTORELEASING = YES;
				CLANG_WARN_BOOL_CONVERSION = YES;
				CLANG_WARN_COMMA = YES;
				CLANG_WARN_CONSTANT_CONVERSION = YES;
				CLANG_WARN_DEPRECATED_OBJC_IMPLEMENTATIONS = YES;
				CLANG_WARN_DIRECT_OBJC_ISA_USAGE = YES_ERROR;
				CLANG_WARN_DOCUMENTATION_COMMENTS = YES;
				CLANG_WARN_EMPTY_BODY = YES;
				CLANG_WARN_ENUM_CONVERSION = YES;
				CLANG_WARN_INFINITE_RECURSION = YES;
				CLANG_WARN_INT_CONVERSION = YES;
				CLANG_WARN_NON_LITERAL_NULL_CONVERSION = YES;
				CLANG_WARN_OBJC_IMPLICIT_RETAIN_SELF = YES;
				CLANG_WARN_OBJC_LITERAL_CONVERSION = YES;
				CLANG_WARN_OBJC_ROOT_CLASS = YES_ERROR;
				CLANG_WARN_QUOTED_INCLUDE_IN_FRAMEWORK_HEADER = YES;
				CLANG_WARN_RANGE_LOOP_ANALYSIS = YES;
				CLANG_WARN_STRICT_PROTOTYPES = YES;
				CLANG_WARN_SUSPICIOUS_MOVE = YES;
				CLANG_WARN_UNGUARDED_AVAILABILITY = YES_AGGRESSIVE;
				CLANG_WARN_UNREACHABLE_CODE = YES;
				CLANG_WARN__DUPLICATE_METHOD_MATCH = YES;
				COPY_PHASE_STRIP = NO;
				DEBUG_INFORMATION_FORMAT = "dwarf-with-dsym";
				ENABLE_NS_ASSERTIONS = NO;
				ENABLE_STRICT_OBJC_MSGSEND = YES;
				ENABLE_USER_SCRIPT_SANDBOXING = YES;
				GCC_C_LANGUAGE_STANDARD = gnu17;
				GCC_NO_COMMON_BLOCKS = YES;
				GCC_WARN_64_TO_32_BIT_CONVERSION = YES;
				GCC_WARN_ABOUT_RETURN_TYPE = YES_ERROR;
				GCC_WARN_UNDECLARED_SELECTOR = YES;
				GCC_WARN_UNINITIALIZED_AUTOS = YES_AGGRESSIVE;
				GCC_WARN_UNUSED_FUNCTION = YES;
				GCC_WARN_UNUSED_VARIABLE = YES;
				IPHONEOS_DEPLOYMENT_TARGET = 17.4;
				LOCALIZATION_PREFERS_STRING_CATALOGS = YES;
				MTL_ENABLE_DEBUG_INFO = NO;
				MTL_FAST_MATH = YES;
				SDKROOT = iphoneos;
				SWIFT_COMPILATION_MODE = wholemodule;
				VALIDATE_PRODUCT = YES;
			};
			name = Release;
		};
		2DFED8192C7A25BC00C1733F /* Debug */ = {
			isa = XCBuildConfiguration;
			buildSettings = {
				ASSETCATALOG_COMPILER_APPICON_NAME = AppIcon;
				ASSETCATALOG_COMPILER_GLOBAL_ACCENT_COLOR_NAME = AccentColor;
				CODE_SIGN_STYLE = Automatic;
				CURRENT_PROJECT_VERSION = 1;
				DEVELOPMENT_ASSET_PATHS = "\"SwiftUI-SwiftBook-6/Preview Content\"";
				ENABLE_PREVIEWS = YES;
				GENERATE_INFOPLIST_FILE = YES;
				INFOPLIST_KEY_UIApplicationSceneManifest_Generation = YES;
				INFOPLIST_KEY_UIApplicationSupportsIndirectInputEvents = YES;
				INFOPLIST_KEY_UILaunchScreen_Generation = YES;
				INFOPLIST_KEY_UISupportedInterfaceOrientations_iPad = "UIInterfaceOrientationPortrait UIInterfaceOrientationPortraitUpsideDown UIInterfaceOrientationLandscapeLeft UIInterfaceOrientationLandscapeRight";
				INFOPLIST_KEY_UISupportedInterfaceOrientations_iPhone = "UIInterfaceOrientationPortrait UIInterfaceOrientationLandscapeLeft UIInterfaceOrientationLandscapeRight";
				LD_RUNPATH_SEARCH_PATHS = (
					"$(inherited)",
					"@executable_path/Frameworks",
				);
				MARKETING_VERSION = 1.0;
				PRODUCT_BUNDLE_IDENTIFIER = "com.ZiganshinAzat.SwiftUI-SwiftBook-6";
				PRODUCT_NAME = "$(TARGET_NAME)";
				SWIFT_EMIT_LOC_STRINGS = YES;
				SWIFT_VERSION = 5.0;
				TARGETED_DEVICE_FAMILY = "1,2";
			};
			name = Debug;
		};
		2DFED81A2C7A25BC00C1733F /* Release */ = {
			isa = XCBuildConfiguration;
			buildSettings = {
				ASSETCATALOG_COMPILER_APPICON_NAME = AppIcon;
				ASSETCATALOG_COMPILER_GLOBAL_ACCENT_COLOR_NAME = AccentColor;
				CODE_SIGN_STYLE = Automatic;
				CURRENT_PROJECT_VERSION = 1;
				DEVELOPMENT_ASSET_PATHS = "\"SwiftUI-SwiftBook-6/Preview Content\"";
				ENABLE_PREVIEWS = YES;
				GENERATE_INFOPLIST_FILE = YES;
				INFOPLIST_KEY_UIApplicationSceneManifest_Generation = YES;
				INFOPLIST_KEY_UIApplicationSupportsIndirectInputEvents = YES;
				INFOPLIST_KEY_UILaunchScreen_Generation = YES;
				INFOPLIST_KEY_UISupportedInterfaceOrientations_iPad = "UIInterfaceOrientationPortrait UIInterfaceOrientationPortraitUpsideDown UIInterfaceOrientationLandscapeLeft UIInterfaceOrientationLandscapeRight";
				INFOPLIST_KEY_UISupportedInterfaceOrientations_iPhone = "UIInterfaceOrientationPortrait UIInterfaceOrientationLandscapeLeft UIInterfaceOrientationLandscapeRight";
				LD_RUNPATH_SEARCH_PATHS = (
					"$(inherited)",
					"@executable_path/Frameworks",
				);
				MARKETING_VERSION = 1.0;
				PRODUCT_BUNDLE_IDENTIFIER = "com.ZiganshinAzat.SwiftUI-SwiftBook-6";
				PRODUCT_NAME = "$(TARGET_NAME)";
				SWIFT_EMIT_LOC_STRINGS = YES;
				SWIFT_VERSION = 5.0;
				TARGETED_DEVICE_FAMILY = "1,2";
			};
			name = Release;
		};
/* End XCBuildConfiguration section */

/* Begin XCConfigurationList section */
		2DFED8052C7A25BA00C1733F /* Build configuration list for PBXProject "SwiftUI-SwiftBook-6" */ = {
			isa = XCConfigurationList;
			buildConfigurations = (
				2DFED8162C7A25BC00C1733F /* Debug */,
				2DFED8172C7A25BC00C1733F /* Release */,
			);
			defaultConfigurationIsVisible = 0;
			defaultConfigurationName = Release;
		};
		2DFED8182C7A25BC00C1733F /* Build configuration list for PBXNativeTarget "SwiftUI-SwiftBook-6" */ = {
			isa = XCConfigurationList;
			buildConfigurations = (
				2DFED8192C7A25BC00C1733F /* Debug */,
				2DFED81A2C7A25BC00C1733F /* Release */,
			);
			defaultConfigurationIsVisible = 0;
			defaultConfigurationName = Release;
		};
/* End XCConfigurationList section */
	};
	rootObject = 2DFED8022C7A25BA00C1733F /* Project object */;
}
