// !$*UTF8*$!
{
	archiveVersion = 1;
	classes = {
	};
	objectVersion = 56;
	objects = {

/* Begin PBXBuildFile section */
		2D0795112C7CC4C5000EC0E0 /* AppDelegate.swift in Sources */ = {isa = PBXBuildFile; fileRef = 2D0795102C7CC4C5000EC0E0 /* AppDelegate.swift */; };
		2D0795132C7CC4C5000EC0E0 /* SceneDelegate.swift in Sources */ = {isa = PBXBuildFile; fileRef = 2D0795122C7CC4C5000EC0E0 /* SceneDelegate.swift */; };
		2D0795152C7CC4C5000EC0E0 /* ViewController.swift in Sources */ = {isa = PBXBuildFile; fileRef = 2D0795142C7CC4C5000EC0E0 /* ViewController.swift */; };
		2D0795182C7CC4C5000EC0E0 /* Base in Resources */ = {isa = PBXBuildFile; fileRef = 2D0795172C7CC4C5000EC0E0 /* Base */; };
		2D07951A2C7CC4C7000EC0E0 /* Assets.xcassets in Resources */ = {isa = PBXBuildFile; fileRef = 2D0795192C7CC4C7000EC0E0 /* Assets.xcassets */; };
		2D07951D2C7CC4C7000EC0E0 /* Base in Resources */ = {isa = PBXBuildFile; fileRef = 2D07951C2C7CC4C7000EC0E0 /* Base */; };
		2D95C7732C81F75C00494B88 /* Localizable.strings in Resources */ = {isa = PBXBuildFile; fileRef = 2D95C7712C81F75C00494B88 /* Localizable.strings */; };
		2D95C77B2C8202FF00494B88 /* Assets.swift in Sources */ = {isa = PBXBuildFile; fileRef = 2D95C7792C8202FE00494B88 /* Assets.swift */; };
		2D95C77C2C8202FF00494B88 /* RUStrings.swift in Sources */ = {isa = PBXBuildFile; fileRef = 2D95C77A2C8202FE00494B88 /* RUStrings.swift */; };
		96C105D9A846EC6CF71E92BA /* Pods_CocoaPodsTest.framework in Frameworks */ = {isa = PBXBuildFile; fileRef = 674A0A717E6A858059A22361 /* Pods_CocoaPodsTest.framework */; };
/* End PBXBuildFile section */

/* Begin PBXFileReference section */
		2D07950D2C7CC4C5000EC0E0 /* CocoaPodsTest.app */ = {isa = PBXFileReference; explicitFileType = wrapper.application; includeInIndex = 0; path = CocoaPodsTest.app; sourceTree = BUILT_PRODUCTS_DIR; };
		2D0795102C7CC4C5000EC0E0 /* AppDelegate.swift */ = {isa = PBXFileReference; lastKnownFileType = sourcecode.swift; path = AppDelegate.swift; sourceTree = "<group>"; };
		2D0795122C7CC4C5000EC0E0 /* SceneDelegate.swift */ = {isa = PBXFileReference; lastKnownFileType = sourcecode.swift; path = SceneDelegate.swift; sourceTree = "<group>"; };
		2D0795142C7CC4C5000EC0E0 /* ViewController.swift */ = {isa = PBXFileReference; lastKnownFileType = sourcecode.swift; path = ViewController.swift; sourceTree = "<group>"; };
		2D0795172C7CC4C5000EC0E0 /* Base */ = {isa = PBXFileReference; lastKnownFileType = file.storyboard; name = Base; path = Base.lproj/Main.storyboard; sourceTree = "<group>"; };
		2D0795192C7CC4C7000EC0E0 /* Assets.xcassets */ = {isa = PBXFileReference; lastKnownFileType = folder.assetcatalog; path = Assets.xcassets; sourceTree = "<group>"; };
		2D07951C2C7CC4C7000EC0E0 /* Base */ = {isa = PBXFileReference; lastKnownFileType = file.storyboard; name = Base; path = Base.lproj/LaunchScreen.storyboard; sourceTree = "<group>"; };
		2D07951E2C7CC4C7000EC0E0 /* Info.plist */ = {isa = PBXFileReference; lastKnownFileType = text.plist.xml; path = Info.plist; sourceTree = "<group>"; };
		2D95C7722C81F75C00494B88 /* en */ = {isa = PBXFileReference; lastKnownFileType = text.plist.strings; name = en; path = en.lproj/Localizable.strings; sourceTree = "<group>"; };
		2D95C7742C81FBEA00494B88 /* ru */ = {isa = PBXFileReference; lastKnownFileType = text.plist.strings; name = ru; path = ru.lproj/Main.strings; sourceTree = "<group>"; };
		2D95C7752C81FBEA00494B88 /* ru */ = {isa = PBXFileReference; lastKnownFileType = text.plist.strings; name = ru; path = ru.lproj/LaunchScreen.strings; sourceTree = "<group>"; };
		2D95C7762C81FBEA00494B88 /* ru */ = {isa = PBXFileReference; lastKnownFileType = text.plist.strings; name = ru; path = ru.lproj/Localizable.strings; sourceTree = "<group>"; };
		2D95C7792C8202FE00494B88 /* Assets.swift */ = {isa = PBXFileReference; fileEncoding = 4; lastKnownFileType = sourcecode.swift; path = Assets.swift; sourceTree = "<group>"; };
		2D95C77A2C8202FE00494B88 /* RUStrings.swift */ = {isa = PBXFileReference; fileEncoding = 4; lastKnownFileType = sourcecode.swift; path = RUStrings.swift; sourceTree = "<group>"; };
		674A0A717E6A858059A22361 /* Pods_CocoaPodsTest.framework */ = {isa = PBXFileReference; explicitFileType = wrapper.framework; includeInIndex = 0; path = Pods_CocoaPodsTest.framework; sourceTree = BUILT_PRODUCTS_DIR; };
		98DA967A19766295A074A2DA /* Pods-CocoaPodsTest.debug.xcconfig */ = {isa = PBXFileReference; includeInIndex = 1; lastKnownFileType = text.xcconfig; name = "Pods-CocoaPodsTest.debug.xcconfig"; path = "Target Support Files/Pods-CocoaPodsTest/Pods-CocoaPodsTest.debug.xcconfig"; sourceTree = "<group>"; };
		B4A84AF8A408F58A505EB112 /* Pods-CocoaPodsTest.release.xcconfig */ = {isa = PBXFileReference; includeInIndex = 1; lastKnownFileType = text.xcconfig; name = "Pods-CocoaPodsTest.release.xcconfig"; path = "Target Support Files/Pods-CocoaPodsTest/Pods-CocoaPodsTest.release.xcconfig"; sourceTree = "<group>"; };
/* End PBXFileReference section */

/* Begin PBXFrameworksBuildPhase section */
		2D07950A2C7CC4C5000EC0E0 /* Frameworks */ = {
			isa = PBXFrameworksBuildPhase;
			buildActionMask = 2147483647;
			files = (
				96C105D9A846EC6CF71E92BA /* Pods_CocoaPodsTest.framework in Frameworks */,
			);
			runOnlyForDeploymentPostprocessing = 0;
		};
/* End PBXFrameworksBuildPhase section */

/* Begin PBXGroup section */
		1E3B58CAEBE7F972514019E2 /* Frameworks */ = {
			isa = PBXGroup;
			children = (
				674A0A717E6A858059A22361 /* Pods_CocoaPodsTest.framework */,
			);
			name = Frameworks;
			sourceTree = "<group>";
		};
		2D0795042C7CC4C5000EC0E0 = {
			isa = PBXGroup;
			children = (
				2D07950F2C7CC4C5000EC0E0 /* CocoaPodsTest */,
				2D07950E2C7CC4C5000EC0E0 /* Products */,
				53C9CF57B9356F5B9722F305 /* Pods */,
				1E3B58CAEBE7F972514019E2 /* Frameworks */,
			);
			sourceTree = "<group>";
		};
		2D07950E2C7CC4C5000EC0E0 /* Products */ = {
			isa = PBXGroup;
			children = (
				2D07950D2C7CC4C5000EC0E0 /* CocoaPodsTest.app */,
			);
			name = Products;
			sourceTree = "<group>";
		};
		2D07950F2C7CC4C5000EC0E0 /* CocoaPodsTest */ = {
			isa = PBXGroup;
			children = (
				2D95C7772C81FD2900494B88 /* Resources */,
				2DB98CF92C7E8592000F2F31 /* Generated */,
				2D0795102C7CC4C5000EC0E0 /* AppDelegate.swift */,
				2D0795122C7CC4C5000EC0E0 /* SceneDelegate.swift */,
				2D0795142C7CC4C5000EC0E0 /* ViewController.swift */,
				2D0795162C7CC4C5000EC0E0 /* Main.storyboard */,
				2D07951B2C7CC4C7000EC0E0 /* LaunchScreen.storyboard */,
				2D07951E2C7CC4C7000EC0E0 /* Info.plist */,
			);
			path = CocoaPodsTest;
			sourceTree = "<group>";
		};
		2D95C7772C81FD2900494B88 /* Resources */ = {
			isa = PBXGroup;
			children = (
				2D0795192C7CC4C7000EC0E0 /* Assets.xcassets */,
				2D95C7712C81F75C00494B88 /* Localizable.strings */,
			);
			path = Resources;
			sourceTree = "<group>";
		};
		2DB98CF92C7E8592000F2F31 /* Generated */ = {
			isa = PBXGroup;
			children = (
				2D95C7792C8202FE00494B88 /* Assets.swift */,
				2D95C77A2C8202FE00494B88 /* RUStrings.swift */,
			);
			path = Generated;
			sourceTree = "<group>";
		};
		53C9CF57B9356F5B9722F305 /* Pods */ = {
			isa = PBXGroup;
			children = (
				98DA967A19766295A074A2DA /* Pods-CocoaPodsTest.debug.xcconfig */,
				B4A84AF8A408F58A505EB112 /* Pods-CocoaPodsTest.release.xcconfig */,
			);
			path = Pods;
			sourceTree = "<group>";
		};
/* End PBXGroup section */

/* Begin PBXNativeTarget section */
		2D07950C2C7CC4C5000EC0E0 /* CocoaPodsTest */ = {
			isa = PBXNativeTarget;
			buildConfigurationList = 2D0795212C7CC4C7000EC0E0 /* Build configuration list for PBXNativeTarget "CocoaPodsTest" */;
			buildPhases = (
				BE1AC49867DBE92EEA1C41A8 /* [CP] Check Pods Manifest.lock */,
				2D95C7782C82023B00494B88 /* Swiftgen */,
				2D0795092C7CC4C5000EC0E0 /* Sources */,
				2D07950A2C7CC4C5000EC0E0 /* Frameworks */,
				2D07950B2C7CC4C5000EC0E0 /* Resources */,
				EABD3FF8C6E48B38644370D5 /* [CP] Embed Pods Frameworks */,
			);
			buildRules = (
			);
			dependencies = (
			);
			name = CocoaPodsTest;
			productName = CocoaPodsTest;
			productReference = 2D07950D2C7CC4C5000EC0E0 /* CocoaPodsTest.app */;
			productType = "com.apple.product-type.application";
		};
/* End PBXNativeTarget section */

/* Begin PBXProject section */
		2D0795052C7CC4C5000EC0E0 /* Project object */ = {
			isa = PBXProject;
			attributes = {
				BuildIndependentTargetsInParallel = 1;
				LastSwiftUpdateCheck = 1530;
				LastUpgradeCheck = 1530;
				TargetAttributes = {
					2D07950C2C7CC4C5000EC0E0 = {
						CreatedOnToolsVersion = 15.3;
					};
				};
			};
			buildConfigurationList = 2D0795082C7CC4C5000EC0E0 /* Build configuration list for PBXProject "CocoaPodsTest" */;
			compatibilityVersion = "Xcode 14.0";
			developmentRegion = ru;
			hasScannedForEncodings = 0;
			knownRegions = (
				en,
				Base,
				ru,
			);
			mainGroup = 2D0795042C7CC4C5000EC0E0;
			productRefGroup = 2D07950E2C7CC4C5000EC0E0 /* Products */;
			projectDirPath = "";
			projectRoot = "";
			targets = (
				2D07950C2C7CC4C5000EC0E0 /* CocoaPodsTest */,
			);
		};
/* End PBXProject section */

/* Begin PBXResourcesBuildPhase section */
		2D07950B2C7CC4C5000EC0E0 /* Resources */ = {
			isa = PBXResourcesBuildPhase;
			buildActionMask = 2147483647;
			files = (
				2D07951A2C7CC4C7000EC0E0 /* Assets.xcassets in Resources */,
				2D95C7732C81F75C00494B88 /* Localizable.strings in Resources */,
				2D07951D2C7CC4C7000EC0E0 /* Base in Resources */,
				2D0795182C7CC4C5000EC0E0 /* Base in Resources */,
			);
			runOnlyForDeploymentPostprocessing = 0;
		};
/* End PBXResourcesBuildPhase section */

/* Begin PBXShellScriptBuildPhase section */
		2D95C7782C82023B00494B88 /* Swiftgen */ = {
			isa = PBXShellScriptBuildPhase;
			alwaysOutOfDate = 1;
			buildActionMask = 2147483647;
			files = (
			);
			inputFileListPaths = (
			);
			inputPaths = (
			);
			name = Swiftgen;
			outputFileListPaths = (
			);
			outputPaths = (
			);
			runOnlyForDeploymentPostprocessing = 0;
			shellPath = /bin/sh;
			shellScript = "if test -d \"/opt/homebrew/bin/\"; then\n    PATH=/opt/homebrew/bin/:${PATH}\nfi\n\nexport PATH\n\nif which swiftgen >/dev/null; then\n    swiftgen\nelse\n    echo \"error: SwiftGen not installed, run 'brew install swiftgen' or install via CocoaPods/Swift Package Manager\"\n    exit 1\nfi\n";
		};
		BE1AC49867DBE92EEA1C41A8 /* [CP] Check Pods Manifest.lock */ = {
			isa = PBXShellScriptBuildPhase;
			buildActionMask = 2147483647;
			files = (
			);
			inputFileListPaths = (
			);
			inputPaths = (
				"${PODS_PODFILE_DIR_PATH}/Podfile.lock",
				"${PODS_ROOT}/Manifest.lock",
			);
			name = "[CP] Check Pods Manifest.lock";
			outputFileListPaths = (
			);
			outputPaths = (
				"$(DERIVED_FILE_DIR)/Pods-CocoaPodsTest-checkManifestLockResult.txt",
			);
			runOnlyForDeploymentPostprocessing = 0;
			shellPath = /bin/sh;
			shellScript = "diff \"${PODS_PODFILE_DIR_PATH}/Podfile.lock\" \"${PODS_ROOT}/Manifest.lock\" > /dev/null\nif [ $? != 0 ] ; then\n    # print error to STDERR\n    echo \"error: The sandbox is not in sync with the Podfile.lock. Run 'pod install' or update your CocoaPods installation.\" >&2\n    exit 1\nfi\n# This output is used by Xcode 'outputs' to avoid re-running this script phase.\necho \"SUCCESS\" > \"${SCRIPT_OUTPUT_FILE_0}\"\n";
			showEnvVarsInLog = 0;
		};
		EABD3FF8C6E48B38644370D5 /* [CP] Embed Pods Frameworks */ = {
			isa = PBXShellScriptBuildPhase;
			buildActionMask = 2147483647;
			files = (
			);
			inputFileListPaths = (
				"${PODS_ROOT}/Target Support Files/Pods-CocoaPodsTest/Pods-CocoaPodsTest-frameworks-${CONFIGURATION}-input-files.xcfilelist",
			);
			name = "[CP] Embed Pods Frameworks";
			outputFileListPaths = (
				"${PODS_ROOT}/Target Support Files/Pods-CocoaPodsTest/Pods-CocoaPodsTest-frameworks-${CONFIGURATION}-output-files.xcfilelist",
			);
			runOnlyForDeploymentPostprocessing = 0;
			shellPath = /bin/sh;
			shellScript = "\"${PODS_ROOT}/Target Support Files/Pods-CocoaPodsTest/Pods-CocoaPodsTest-frameworks.sh\"\n";
			showEnvVarsInLog = 0;
		};
/* End PBXShellScriptBuildPhase section */

/* Begin PBXSourcesBuildPhase section */
		2D0795092C7CC4C5000EC0E0 /* Sources */ = {
			isa = PBXSourcesBuildPhase;
			buildActionMask = 2147483647;
			files = (
				2D95C77C2C8202FF00494B88 /* RUStrings.swift in Sources */,
				2D0795152C7CC4C5000EC0E0 /* ViewController.swift in Sources */,
				2D0795112C7CC4C5000EC0E0 /* AppDelegate.swift in Sources */,
				2D95C77B2C8202FF00494B88 /* Assets.swift in Sources */,
				2D0795132C7CC4C5000EC0E0 /* SceneDelegate.swift in Sources */,
			);
			runOnlyForDeploymentPostprocessing = 0;
		};
/* End PBXSourcesBuildPhase section */

/* Begin PBXVariantGroup section */
		2D0795162C7CC4C5000EC0E0 /* Main.storyboard */ = {
			isa = PBXVariantGroup;
			children = (
				2D0795172C7CC4C5000EC0E0 /* Base */,
				2D95C7742C81FBEA00494B88 /* ru */,
			);
			name = Main.storyboard;
			sourceTree = "<group>";
		};
		2D07951B2C7CC4C7000EC0E0 /* LaunchScreen.storyboard */ = {
			isa = PBXVariantGroup;
			children = (
				2D07951C2C7CC4C7000EC0E0 /* Base */,
				2D95C7752C81FBEA00494B88 /* ru */,
			);
			name = LaunchScreen.storyboard;
			sourceTree = "<group>";
		};
		2D95C7712C81F75C00494B88 /* Localizable.strings */ = {
			isa = PBXVariantGroup;
			children = (
				2D95C7722C81F75C00494B88 /* en */,
				2D95C7762C81FBEA00494B88 /* ru */,
			);
			name = Localizable.strings;
			sourceTree = "<group>";
		};
/* End PBXVariantGroup section */

/* Begin XCBuildConfiguration section */
		2D07951F2C7CC4C7000EC0E0 /* Debug */ = {
			isa = XCBuildConfiguration;
			buildSettings = {
				ALWAYS_SEARCH_USER_PATHS = NO;
				ASSETCATALOG_COMPILER_GENERATE_SWIFT_ASSET_SYMBOL_EXTENSIONS = YES;
				CLANG_ANALYZER_LOCALIZABILITY_NONLOCALIZED = YES;
				CLANG_ANALYZER_NONNULL = YES;
				CLANG_ANALYZER_NUMBER_OBJECT_CONVERSION = YES_AGGRESSIVE;
				CLANG_CXX_LANGUAGE_STANDARD = "gnu++20";
				CLANG_ENABLE_MODULES = YES;
				CLANG_ENABLE_OBJC_ARC = YES;
				CLANG_ENABLE_OBJC_WEAK = YES;
				CLANG_WARN_BLOCK_CAPTURE_AUTORELEASING = YES;
				CLANG_WARN_BOOL_CONVERSION = YES;
				CLANG_WARN_COMMA = YES;
				CLANG_WARN_CONSTANT_CONVERSION = YES;
				CLANG_WARN_DEPRECATED_OBJC_IMPLEMENTATIONS = YES;
				CLANG_WARN_DIRECT_OBJC_ISA_USAGE = YES_ERROR;
				CLANG_WARN_DOCUMENTATION_COMMENTS = YES;
				CLANG_WARN_EMPTY_BODY = YES;
				CLANG_WARN_ENUM_CONVERSION = YES;
				CLANG_WARN_INFINITE_RECURSION = YES;
				CLANG_WARN_INT_CONVERSION = YES;
				CLANG_WARN_NON_LITERAL_NULL_CONVERSION = YES;
				CLANG_WARN_OBJC_IMPLICIT_RETAIN_SELF = YES;
				CLANG_WARN_OBJC_LITERAL_CONVERSION = YES;
				CLANG_WARN_OBJC_ROOT_CLASS = YES_ERROR;
				CLANG_WARN_QUOTED_INCLUDE_IN_FRAMEWORK_HEADER = YES;
				CLANG_WARN_RANGE_LOOP_ANALYSIS = YES;
				CLANG_WARN_STRICT_PROTOTYPES = YES;
				CLANG_WARN_SUSPICIOUS_MOVE = YES;
				CLANG_WARN_UNGUARDED_AVAILABILITY = YES_AGGRESSIVE;
				CLANG_WARN_UNREACHABLE_CODE = YES;
				CLANG_WARN__DUPLICATE_METHOD_MATCH = YES;
				COPY_PHASE_STRIP = NO;
				DEBUG_INFORMATION_FORMAT = dwarf;
				ENABLE_STRICT_OBJC_MSGSEND = YES;
				ENABLE_TESTABILITY = YES;
				ENABLE_USER_SCRIPT_SANDBOXING = NO;
				GCC_C_LANGUAGE_STANDARD = gnu17;
				GCC_DYNAMIC_NO_PIC = NO;
				GCC_NO_COMMON_BLOCKS = YES;
				GCC_OPTIMIZATION_LEVEL = 0;
				GCC_PREPROCESSOR_DEFINITIONS = (
					"DEBUG=1",
					"$(inherited)",
				);
				GCC_WARN_64_TO_32_BIT_CONVERSION = YES;
				GCC_WARN_ABOUT_RETURN_TYPE = YES_ERROR;
				GCC_WARN_UNDECLARED_SELECTOR = YES;
				GCC_WARN_UNINITIALIZED_AUTOS = YES_AGGRESSIVE;
				GCC_WARN_UNUSED_FUNCTION = YES;
				GCC_WARN_UNUSED_VARIABLE = YES;
				IPHONEOS_DEPLOYMENT_TARGET = 17.4;
				LOCALIZATION_PREFERS_STRING_CATALOGS = YES;
				MTL_ENABLE_DEBUG_INFO = INCLUDE_SOURCE;
				MTL_FAST_MATH = YES;
				ONLY_ACTIVE_ARCH = YES;
				SDKROOT = iphoneos;
				SWIFT_ACTIVE_COMPILATION_CONDITIONS = "DEBUG $(inherited)";
				SWIFT_OPTIMIZATION_LEVEL = "-Onone";
			};
			name = Debug;
		};
		2D0795202C7CC4C7000EC0E0 /* Release */ = {
			isa = XCBuildConfiguration;
			buildSettings = {
				ALWAYS_SEARCH_USER_PATHS = NO;
				ASSETCATALOG_COMPILER_GENERATE_SWIFT_ASSET_SYMBOL_EXTENSIONS = YES;
				CLANG_ANALYZER_LOCALIZABILITY_NONLOCALIZED = YES;
				CLANG_ANALYZER_NONNULL = YES;
				CLANG_ANALYZER_NUMBER_OBJECT_CONVERSION = YES_AGGRESSIVE;
				CLANG_CXX_LANGUAGE_STANDARD = "gnu++20";
				CLANG_ENABLE_MODULES = YES;
				CLANG_ENABLE_OBJC_ARC = YES;
				CLANG_ENABLE_OBJC_WEAK = YES;
				CLANG_WARN_BLOCK_CAPTURE_AUTORELEASING = YES;
				CLANG_WARN_BOOL_CONVERSION = YES;
				CLANG_WARN_COMMA = YES;
				CLANG_WARN_CONSTANT_CONVERSION = YES;
				CLANG_WARN_DEPRECATED_OBJC_IMPLEMENTATIONS = YES;
				CLANG_WARN_DIRECT_OBJC_ISA_USAGE = YES_ERROR;
				CLANG_WARN_DOCUMENTATION_COMMENTS = YES;
				CLANG_WARN_EMPTY_BODY = YES;
				CLANG_WARN_ENUM_CONVERSION = YES;
				CLANG_WARN_INFINITE_RECURSION = YES;
				CLANG_WARN_INT_CONVERSION = YES;
				CLANG_WARN_NON_LITERAL_NULL_CONVERSION = YES;
				CLANG_WARN_OBJC_IMPLICIT_RETAIN_SELF = YES;
				CLANG_WARN_OBJC_LITERAL_CONVERSION = YES;
				CLANG_WARN_OBJC_ROOT_CLASS = YES_ERROR;
				CLANG_WARN_QUOTED_INCLUDE_IN_FRAMEWORK_HEADER = YES;
				CLANG_WARN_RANGE_LOOP_ANALYSIS = YES;
				CLANG_WARN_STRICT_PROTOTYPES = YES;
				CLANG_WARN_SUSPICIOUS_MOVE = YES;
				CLANG_WARN_UNGUARDED_AVAILABILITY = YES_AGGRESSIVE;
				CLANG_WARN_UNREACHABLE_CODE = YES;
				CLANG_WARN__DUPLICATE_METHOD_MATCH = YES;
				COPY_PHASE_STRIP = NO;
				DEBUG_INFORMATION_FORMAT = "dwarf-with-dsym";
				ENABLE_NS_ASSERTIONS = NO;
				ENABLE_STRICT_OBJC_MSGSEND = YES;
				ENABLE_USER_SCRIPT_SANDBOXING = NO;
				GCC_C_LANGUAGE_STANDARD = gnu17;
				GCC_NO_COMMON_BLOCKS = YES;
				GCC_WARN_64_TO_32_BIT_CONVERSION = YES;
				GCC_WARN_ABOUT_RETURN_TYPE = YES_ERROR;
				GCC_WARN_UNDECLARED_SELECTOR = YES;
				GCC_WARN_UNINITIALIZED_AUTOS = YES_AGGRESSIVE;
				GCC_WARN_UNUSED_FUNCTION = YES;
				GCC_WARN_UNUSED_VARIABLE = YES;
				IPHONEOS_DEPLOYMENT_TARGET = 17.4;
				LOCALIZATION_PREFERS_STRING_CATALOGS = YES;
				MTL_ENABLE_DEBUG_INFO = NO;
				MTL_FAST_MATH = YES;
				SDKROOT = iphoneos;
				SWIFT_COMPILATION_MODE = wholemodule;
				VALIDATE_PRODUCT = YES;
			};
			name = Release;
		};
		2D0795222C7CC4C7000EC0E0 /* Debug */ = {
			isa = XCBuildConfiguration;
			baseConfigurationReference = 98DA967A19766295A074A2DA /* Pods-CocoaPodsTest.debug.xcconfig */;
			buildSettings = {
				ASSETCATALOG_COMPILER_APPICON_NAME = AppIcon;
				ASSETCATALOG_COMPILER_GLOBAL_ACCENT_COLOR_NAME = AccentColor;
				CODE_SIGN_STYLE = Automatic;
				CURRENT_PROJECT_VERSION = 1;
				ENABLE_USER_SCRIPT_SANDBOXING = NO;
				GENERATE_INFOPLIST_FILE = YES;
				INFOPLIST_FILE = CocoaPodsTest/Info.plist;
				INFOPLIST_KEY_UIApplicationSupportsIndirectInputEvents = YES;
				INFOPLIST_KEY_UILaunchStoryboardName = LaunchScreen;
				INFOPLIST_KEY_UIMainStoryboardFile = Main;
				INFOPLIST_KEY_UISupportedInterfaceOrientations_iPad = "UIInterfaceOrientationPortrait UIInterfaceOrientationPortraitUpsideDown UIInterfaceOrientationLandscapeLeft UIInterfaceOrientationLandscapeRight";
				INFOPLIST_KEY_UISupportedInterfaceOrientations_iPhone = "UIInterfaceOrientationPortrait UIInterfaceOrientationLandscapeLeft UIInterfaceOrientationLandscapeRight";
				LD_RUNPATH_SEARCH_PATHS = (
					"$(inherited)",
					"@executable_path/Frameworks",
				);
				MARKETING_VERSION = 1.0;
				PRODUCT_BUNDLE_IDENTIFIER = com.ZiganshinAzat.CocoaPodsTest;
				PRODUCT_NAME = "$(TARGET_NAME)";
				SWIFT_EMIT_LOC_STRINGS = YES;
				SWIFT_VERSION = 5.0;
				TARGETED_DEVICE_FAMILY = "1,2";
			};
			name = Debug;
		};
		2D0795232C7CC4C7000EC0E0 /* Release */ = {
			isa = XCBuildConfiguration;
			baseConfigurationReference = B4A84AF8A408F58A505EB112 /* Pods-CocoaPodsTest.release.xcconfig */;
			buildSettings = {
				ASSETCATALOG_COMPILER_APPICON_NAME = AppIcon;
				ASSETCATALOG_COMPILER_GLOBAL_ACCENT_COLOR_NAME = AccentColor;
				CODE_SIGN_STYLE = Automatic;
				CURRENT_PROJECT_VERSION = 1;
				ENABLE_USER_SCRIPT_SANDBOXING = NO;
				GENERATE_INFOPLIST_FILE = YES;
				INFOPLIST_FILE = CocoaPodsTest/Info.plist;
				INFOPLIST_KEY_UIApplicationSupportsIndirectInputEvents = YES;
				INFOPLIST_KEY_UILaunchStoryboardName = LaunchScreen;
				INFOPLIST_KEY_UIMainStoryboardFile = Main;
				INFOPLIST_KEY_UISupportedInterfaceOrientations_iPad = "UIInterfaceOrientationPortrait UIInterfaceOrientationPortraitUpsideDown UIInterfaceOrientationLandscapeLeft UIInterfaceOrientationLandscapeRight";
				INFOPLIST_KEY_UISupportedInterfaceOrientations_iPhone = "UIInterfaceOrientationPortrait UIInterfaceOrientationLandscapeLeft UIInterfaceOrientationLandscapeRight";
				LD_RUNPATH_SEARCH_PATHS = (
					"$(inherited)",
					"@executable_path/Frameworks",
				);
				MARKETING_VERSION = 1.0;
				PRODUCT_BUNDLE_IDENTIFIER = com.ZiganshinAzat.CocoaPodsTest;
				PRODUCT_NAME = "$(TARGET_NAME)";
				SWIFT_EMIT_LOC_STRINGS = YES;
				SWIFT_VERSION = 5.0;
				TARGETED_DEVICE_FAMILY = "1,2";
			};
			name = Release;
		};
/* End XCBuildConfiguration section */

/* Begin XCConfigurationList section */
		2D0795082C7CC4C5000EC0E0 /* Build configuration list for PBXProject "CocoaPodsTest" */ = {
			isa = XCConfigurationList;
			buildConfigurations = (
				2D07951F2C7CC4C7000EC0E0 /* Debug */,
				2D0795202C7CC4C7000EC0E0 /* Release */,
			);
			defaultConfigurationIsVisible = 0;
			defaultConfigurationName = Release;
		};
		2D0795212C7CC4C7000EC0E0 /* Build configuration list for PBXNativeTarget "CocoaPodsTest" */ = {
			isa = XCConfigurationList;
			buildConfigurations = (
				2D0795222C7CC4C7000EC0E0 /* Debug */,
				2D0795232C7CC4C7000EC0E0 /* Release */,
			);
			defaultConfigurationIsVisible = 0;
			defaultConfigurationName = Release;
		};
/* End XCConfigurationList section */
	};
	rootObject = 2D0795052C7CC4C5000EC0E0 /* Project object */;
}
