// !$*UTF8*$!
{
	archiveVersion = 1;
	classes = {
	};
	objectVersion = 56;
	objects = {

/* Begin PBXBuildFile section */
		2DE09B9B2BBE114A00700D32 /* AppDelegate.swift in Sources */ = {isa = PBXBuildFile; fileRef = 2DE09B9A2BBE114A00700D32 /* AppDelegate.swift */; };
		2DE09B9D2BBE114A00700D32 /* SceneDelegate.swift in Sources */ = {isa = PBXBuildFile; fileRef = 2DE09B9C2BBE114A00700D32 /* SceneDelegate.swift */; };
		2DE09B9F2BBE114A00700D32 /* ViewController.swift in Sources */ = {isa = PBXBuildFile; fileRef = 2DE09B9E2BBE114A00700D32 /* ViewController.swift */; };
		2DE09BA22BBE114A00700D32 /* Main.storyboard in Resources */ = {isa = PBXBuildFile; fileRef = 2DE09BA02BBE114A00700D32 /* Main.storyboard */; };
		2DE09BA42BBE114C00700D32 /* Assets.xcassets in Resources */ = {isa = PBXBuildFile; fileRef = 2DE09BA32BBE114C00700D32 /* Assets.xcassets */; };
		2DE09BA72BBE114C00700D32 /* LaunchScreen.storyboard in Resources */ = {isa = PBXBuildFile; fileRef = 2DE09BA52BBE114C00700D32 /* LaunchScreen.storyboard */; };
		2DE09BAF2BBE138F00700D32 /* GoogleService-Info.plist in Resources */ = {isa = PBXBuildFile; fileRef = 2DE09BAE2BBE138F00700D32 /* GoogleService-Info.plist */; };
		2DE09BB22BBE149200700D32 /* FirebaseAnalytics in Frameworks */ = {isa = PBXBuildFile; productRef = 2DE09BB12BBE149200700D32 /* FirebaseAnalytics */; };
		2DE09BB42BBE149200700D32 /* FirebaseAnalyticsOnDeviceConversion in Frameworks */ = {isa = PBXBuildFile; productRef = 2DE09BB32BBE149200700D32 /* FirebaseAnalyticsOnDeviceConversion */; };
		2DE09BB62BBE149200700D32 /* FirebaseAnalyticsSwift in Frameworks */ = {isa = PBXBuildFile; productRef = 2DE09BB52BBE149200700D32 /* FirebaseAnalyticsSwift */; };
		2DE09BB82BBE149200700D32 /* FirebaseAnalyticsWithoutAdIdSupport in Frameworks */ = {isa = PBXBuildFile; productRef = 2DE09BB72BBE149200700D32 /* FirebaseAnalyticsWithoutAdIdSupport */; };
		2DE09BBA2BBE149200700D32 /* FirebaseAppCheck in Frameworks */ = {isa = PBXBuildFile; productRef = 2DE09BB92BBE149200700D32 /* FirebaseAppCheck */; };
		2DE09BBC2BBE19AF00700D32 /* FirebaseManager.swift in Sources */ = {isa = PBXBuildFile; fileRef = 2DE09BBB2BBE19AF00700D32 /* FirebaseManager.swift */; };
		2DE09BBF2BC01C3500700D32 /* FirebaseStorage in Frameworks */ = {isa = PBXBuildFile; productRef = 2DE09BBE2BC01C3500700D32 /* FirebaseStorage */; };
		2DE09BC12BC01C5500700D32 /* FirebaseDatabase in Frameworks */ = {isa = PBXBuildFile; productRef = 2DE09BC02BC01C5500700D32 /* FirebaseDatabase */; };
		2DE09BC32BC021BF00700D32 /* FirebaseFirestore in Frameworks */ = {isa = PBXBuildFile; productRef = 2DE09BC22BC021BF00700D32 /* FirebaseFirestore */; };
		2DE09BC62BC060D200700D32 /* Kingfisher in Frameworks */ = {isa = PBXBuildFile; productRef = 2DE09BC52BC060D200700D32 /* Kingfisher */; };
/* End PBXBuildFile section */

/* Begin PBXFileReference section */
		2DE09B972BBE114A00700D32 /* FirebaseExample.app */ = {isa = PBXFileReference; explicitFileType = wrapper.application; includeInIndex = 0; path = FirebaseExample.app; sourceTree = BUILT_PRODUCTS_DIR; };
		2DE09B9A2BBE114A00700D32 /* AppDelegate.swift */ = {isa = PBXFileReference; lastKnownFileType = sourcecode.swift; path = AppDelegate.swift; sourceTree = "<group>"; };
		2DE09B9C2BBE114A00700D32 /* SceneDelegate.swift */ = {isa = PBXFileReference; lastKnownFileType = sourcecode.swift; path = SceneDelegate.swift; sourceTree = "<group>"; };
		2DE09B9E2BBE114A00700D32 /* ViewController.swift */ = {isa = PBXFileReference; lastKnownFileType = sourcecode.swift; path = ViewController.swift; sourceTree = "<group>"; };
		2DE09BA12BBE114A00700D32 /* Base */ = {isa = PBXFileReference; lastKnownFileType = file.storyboard; name = Base; path = Base.lproj/Main.storyboard; sourceTree = "<group>"; };
		2DE09BA32BBE114C00700D32 /* Assets.xcassets */ = {isa = PBXFileReference; lastKnownFileType = folder.assetcatalog; path = Assets.xcassets; sourceTree = "<group>"; };
		2DE09BA62BBE114C00700D32 /* Base */ = {isa = PBXFileReference; lastKnownFileType = file.storyboard; name = Base; path = Base.lproj/LaunchScreen.storyboard; sourceTree = "<group>"; };
		2DE09BA82BBE114C00700D32 /* Info.plist */ = {isa = PBXFileReference; lastKnownFileType = text.plist.xml; path = Info.plist; sourceTree = "<group>"; };
		2DE09BAE2BBE138F00700D32 /* GoogleService-Info.plist */ = {isa = PBXFileReference; fileEncoding = 4; lastKnownFileType = text.plist.xml; name = "GoogleService-Info.plist"; path = "../../../../Downloads/GoogleService-Info.plist"; sourceTree = "<group>"; };
		2DE09BBB2BBE19AF00700D32 /* FirebaseManager.swift */ = {isa = PBXFileReference; lastKnownFileType = sourcecode.swift; path = FirebaseManager.swift; sourceTree = "<group>"; };
/* End PBXFileReference section */

/* Begin PBXFrameworksBuildPhase section */
		2DE09B942BBE114A00700D32 /* Frameworks */ = {
			isa = PBXFrameworksBuildPhase;
			buildActionMask = 2147483647;
			files = (
				2DE09BB62BBE149200700D32 /* FirebaseAnalyticsSwift in Frameworks */,
				2DE09BB22BBE149200700D32 /* FirebaseAnalytics in Frameworks */,
				2DE09BB42BBE149200700D32 /* FirebaseAnalyticsOnDeviceConversion in Frameworks */,
				2DE09BC62BC060D200700D32 /* Kingfisher in Frameworks */,
				2DE09BBA2BBE149200700D32 /* FirebaseAppCheck in Frameworks */,
				2DE09BB82BBE149200700D32 /* FirebaseAnalyticsWithoutAdIdSupport in Frameworks */,
				2DE09BC32BC021BF00700D32 /* FirebaseFirestore in Frameworks */,
				2DE09BC12BC01C5500700D32 /* FirebaseDatabase in Frameworks */,
				2DE09BBF2BC01C3500700D32 /* FirebaseStorage in Frameworks */,
			);
			runOnlyForDeploymentPostprocessing = 0;
		};
/* End PBXFrameworksBuildPhase section */

/* Begin PBXGroup section */
		2DE09B8E2BBE114A00700D32 = {
			isa = PBXGroup;
			children = (
				2DE09B992BBE114A00700D32 /* FirebaseExample */,
				2DE09B982BBE114A00700D32 /* Products */,
				2DE09BBD2BC01C3500700D32 /* Frameworks */,
			);
			sourceTree = "<group>";
		};
		2DE09B982BBE114A00700D32 /* Products */ = {
			isa = PBXGroup;
			children = (
				2DE09B972BBE114A00700D32 /* FirebaseExample.app */,
			);
			name = Products;
			sourceTree = "<group>";
		};
		2DE09B992BBE114A00700D32 /* FirebaseExample */ = {
			isa = PBXGroup;
			children = (
				2DE09B9A2BBE114A00700D32 /* AppDelegate.swift */,
				2DE09BBB2BBE19AF00700D32 /* FirebaseManager.swift */,
				2DE09B9C2BBE114A00700D32 /* SceneDelegate.swift */,
				2DE09B9E2BBE114A00700D32 /* ViewController.swift */,
				2DE09BA02BBE114A00700D32 /* Main.storyboard */,
				2DE09BA32BBE114C00700D32 /* Assets.xcassets */,
				2DE09BA52BBE114C00700D32 /* LaunchScreen.storyboard */,
				2DE09BA82BBE114C00700D32 /* Info.plist */,
				2DE09BAE2BBE138F00700D32 /* GoogleService-Info.plist */,
			);
			path = FirebaseExample;
			sourceTree = "<group>";
		};
		2DE09BBD2BC01C3500700D32 /* Frameworks */ = {
			isa = PBXGroup;
			children = (
			);
			name = Frameworks;
			sourceTree = "<group>";
		};
/* End PBXGroup section */

/* Begin PBXNativeTarget section */
		2DE09B962BBE114A00700D32 /* FirebaseExample */ = {
			isa = PBXNativeTarget;
			buildConfigurationList = 2DE09BAB2BBE114C00700D32 /* Build configuration list for PBXNativeTarget "FirebaseExample" */;
			buildPhases = (
				2DE09B932BBE114A00700D32 /* Sources */,
				2DE09B942BBE114A00700D32 /* Frameworks */,
				2DE09B952BBE114A00700D32 /* Resources */,
			);
			buildRules = (
			);
			dependencies = (
			);
			name = FirebaseExample;
			packageProductDependencies = (
				2DE09BB12BBE149200700D32 /* FirebaseAnalytics */,
				2DE09BB32BBE149200700D32 /* FirebaseAnalyticsOnDeviceConversion */,
				2DE09BB52BBE149200700D32 /* FirebaseAnalyticsSwift */,
				2DE09BB72BBE149200700D32 /* FirebaseAnalyticsWithoutAdIdSupport */,
				2DE09BB92BBE149200700D32 /* FirebaseAppCheck */,
				2DE09BBE2BC01C3500700D32 /* FirebaseStorage */,
				2DE09BC02BC01C5500700D32 /* FirebaseDatabase */,
				2DE09BC22BC021BF00700D32 /* FirebaseFirestore */,
				2DE09BC52BC060D200700D32 /* Kingfisher */,
			);
			productName = FirebaseExample;
			productReference = 2DE09B972BBE114A00700D32 /* FirebaseExample.app */;
			productType = "com.apple.product-type.application";
		};
/* End PBXNativeTarget section */

/* Begin PBXProject section */
		2DE09B8F2BBE114A00700D32 /* Project object */ = {
			isa = PBXProject;
			attributes = {
				BuildIndependentTargetsInParallel = 1;
				LastSwiftUpdateCheck = 1510;
				LastUpgradeCheck = 1510;
				TargetAttributes = {
					2DE09B962BBE114A00700D32 = {
						CreatedOnToolsVersion = 15.1;
					};
				};
			};
			buildConfigurationList = 2DE09B922BBE114A00700D32 /* Build configuration list for PBXProject "FirebaseExample" */;
			compatibilityVersion = "Xcode 14.0";
			developmentRegion = en;
			hasScannedForEncodings = 0;
			knownRegions = (
				en,
				Base,
			);
			mainGroup = 2DE09B8E2BBE114A00700D32;
			packageReferences = (
				2DE09BB02BBE149200700D32 /* XCRemoteSwiftPackageReference "firebase-ios-sdk" */,
				2DE09BC42BC060D200700D32 /* XCRemoteSwiftPackageReference "Kingfisher" */,
			);
			productRefGroup = 2DE09B982BBE114A00700D32 /* Products */;
			projectDirPath = "";
			projectRoot = "";
			targets = (
				2DE09B962BBE114A00700D32 /* FirebaseExample */,
			);
		};
/* End PBXProject section */

/* Begin PBXResourcesBuildPhase section */
		2DE09B952BBE114A00700D32 /* Resources */ = {
			isa = PBXResourcesBuildPhase;
			buildActionMask = 2147483647;
			files = (
				2DE09BA72BBE114C00700D32 /* LaunchScreen.storyboard in Resources */,
				2DE09BAF2BBE138F00700D32 /* GoogleService-Info.plist in Resources */,
				2DE09BA42BBE114C00700D32 /* Assets.xcassets in Resources */,
				2DE09BA22BBE114A00700D32 /* Main.storyboard in Resources */,
			);
			runOnlyForDeploymentPostprocessing = 0;
		};
/* End PBXResourcesBuildPhase section */

/* Begin PBXSourcesBuildPhase section */
		2DE09B932BBE114A00700D32 /* Sources */ = {
			isa = PBXSourcesBuildPhase;
			buildActionMask = 2147483647;
			files = (
				2DE09BBC2BBE19AF00700D32 /* FirebaseManager.swift in Sources */,
				2DE09B9F2BBE114A00700D32 /* ViewController.swift in Sources */,
				2DE09B9B2BBE114A00700D32 /* AppDelegate.swift in Sources */,
				2DE09B9D2BBE114A00700D32 /* SceneDelegate.swift in Sources */,
			);
			runOnlyForDeploymentPostprocessing = 0;
		};
/* End PBXSourcesBuildPhase section */

/* Begin PBXVariantGroup section */
		2DE09BA02BBE114A00700D32 /* Main.storyboard */ = {
			isa = PBXVariantGroup;
			children = (
				2DE09BA12BBE114A00700D32 /* Base */,
			);
			name = Main.storyboard;
			sourceTree = "<group>";
		};
		2DE09BA52BBE114C00700D32 /* LaunchScreen.storyboard */ = {
			isa = PBXVariantGroup;
			children = (
				2DE09BA62BBE114C00700D32 /* Base */,
			);
			name = LaunchScreen.storyboard;
			sourceTree = "<group>";
		};
/* End PBXVariantGroup section */

/* Begin XCBuildConfiguration section */
		2DE09BA92BBE114C00700D32 /* Debug */ = {
			isa = XCBuildConfiguration;
			buildSettings = {
				ALWAYS_SEARCH_USER_PATHS = NO;
				ASSETCATALOG_COMPILER_GENERATE_SWIFT_ASSET_SYMBOL_EXTENSIONS = YES;
				CLANG_ANALYZER_NONNULL = YES;
				CLANG_ANALYZER_NUMBER_OBJECT_CONVERSION = YES_AGGRESSIVE;
				CLANG_CXX_LANGUAGE_STANDARD = "gnu++20";
				CLANG_ENABLE_MODULES = YES;
				CLANG_ENABLE_OBJC_ARC = YES;
				CLANG_ENABLE_OBJC_WEAK = YES;
				CLANG_WARN_BLOCK_CAPTURE_AUTORELEASING = YES;
				CLANG_WARN_BOOL_CONVERSION = YES;
				CLANG_WARN_COMMA = YES;
				CLANG_WARN_CONSTANT_CONVERSION = YES;
				CLANG_WARN_DEPRECATED_OBJC_IMPLEMENTATIONS = YES;
				CLANG_WARN_DIRECT_OBJC_ISA_USAGE = YES_ERROR;
				CLANG_WARN_DOCUMENTATION_COMMENTS = YES;
				CLANG_WARN_EMPTY_BODY = YES;
				CLANG_WARN_ENUM_CONVERSION = YES;
				CLANG_WARN_INFINITE_RECURSION = YES;
				CLANG_WARN_INT_CONVERSION = YES;
				CLANG_WARN_NON_LITERAL_NULL_CONVERSION = YES;
				CLANG_WARN_OBJC_IMPLICIT_RETAIN_SELF = YES;
				CLANG_WARN_OBJC_LITERAL_CONVERSION = YES;
				CLANG_WARN_OBJC_ROOT_CLASS = YES_ERROR;
				CLANG_WARN_QUOTED_INCLUDE_IN_FRAMEWORK_HEADER = YES;
				CLANG_WARN_RANGE_LOOP_ANALYSIS = YES;
				CLANG_WARN_STRICT_PROTOTYPES = YES;
				CLANG_WARN_SUSPICIOUS_MOVE = YES;
				CLANG_WARN_UNGUARDED_AVAILABILITY = YES_AGGRESSIVE;
				CLANG_WARN_UNREACHABLE_CODE = YES;
				CLANG_WARN__DUPLICATE_METHOD_MATCH = YES;
				COPY_PHASE_STRIP = NO;
				DEBUG_INFORMATION_FORMAT = dwarf;
				ENABLE_STRICT_OBJC_MSGSEND = YES;
				ENABLE_TESTABILITY = YES;
				ENABLE_USER_SCRIPT_SANDBOXING = YES;
				GCC_C_LANGUAGE_STANDARD = gnu17;
				GCC_DYNAMIC_NO_PIC = NO;
				GCC_NO_COMMON_BLOCKS = YES;
				GCC_OPTIMIZATION_LEVEL = 0;
				GCC_PREPROCESSOR_DEFINITIONS = (
					"DEBUG=1",
					"$(inherited)",
				);
				GCC_WARN_64_TO_32_BIT_CONVERSION = YES;
				GCC_WARN_ABOUT_RETURN_TYPE = YES_ERROR;
				GCC_WARN_UNDECLARED_SELECTOR = YES;
				GCC_WARN_UNINITIALIZED_AUTOS = YES_AGGRESSIVE;
				GCC_WARN_UNUSED_FUNCTION = YES;
				GCC_WARN_UNUSED_VARIABLE = YES;
				IPHONEOS_DEPLOYMENT_TARGET = 17.2;
				LOCALIZATION_PREFERS_STRING_CATALOGS = YES;
				MTL_ENABLE_DEBUG_INFO = INCLUDE_SOURCE;
				MTL_FAST_MATH = YES;
				ONLY_ACTIVE_ARCH = YES;
				SDKROOT = iphoneos;
				SWIFT_ACTIVE_COMPILATION_CONDITIONS = "DEBUG $(inherited)";
				SWIFT_OPTIMIZATION_LEVEL = "-Onone";
			};
			name = Debug;
		};
		2DE09BAA2BBE114C00700D32 /* Release */ = {
			isa = XCBuildConfiguration;
			buildSettings = {
				ALWAYS_SEARCH_USER_PATHS = NO;
				ASSETCATALOG_COMPILER_GENERATE_SWIFT_ASSET_SYMBOL_EXTENSIONS = YES;
				CLANG_ANALYZER_NONNULL = YES;
				CLANG_ANALYZER_NUMBER_OBJECT_CONVERSION = YES_AGGRESSIVE;
				CLANG_CXX_LANGUAGE_STANDARD = "gnu++20";
				CLANG_ENABLE_MODULES = YES;
				CLANG_ENABLE_OBJC_ARC = YES;
				CLANG_ENABLE_OBJC_WEAK = YES;
				CLANG_WARN_BLOCK_CAPTURE_AUTORELEASING = YES;
				CLANG_WARN_BOOL_CONVERSION = YES;
				CLANG_WARN_COMMA = YES;
				CLANG_WARN_CONSTANT_CONVERSION = YES;
				CLANG_WARN_DEPRECATED_OBJC_IMPLEMENTATIONS = YES;
				CLANG_WARN_DIRECT_OBJC_ISA_USAGE = YES_ERROR;
				CLANG_WARN_DOCUMENTATION_COMMENTS = YES;
				CLANG_WARN_EMPTY_BODY = YES;
				CLANG_WARN_ENUM_CONVERSION = YES;
				CLANG_WARN_INFINITE_RECURSION = YES;
				CLANG_WARN_INT_CONVERSION = YES;
				CLANG_WARN_NON_LITERAL_NULL_CONVERSION = YES;
				CLANG_WARN_OBJC_IMPLICIT_RETAIN_SELF = YES;
				CLANG_WARN_OBJC_LITERAL_CONVERSION = YES;
				CLANG_WARN_OBJC_ROOT_CLASS = YES_ERROR;
				CLANG_WARN_QUOTED_INCLUDE_IN_FRAMEWORK_HEADER = YES;
				CLANG_WARN_RANGE_LOOP_ANALYSIS = YES;
				CLANG_WARN_STRICT_PROTOTYPES = YES;
				CLANG_WARN_SUSPICIOUS_MOVE = YES;
				CLANG_WARN_UNGUARDED_AVAILABILITY = YES_AGGRESSIVE;
				CLANG_WARN_UNREACHABLE_CODE = YES;
				CLANG_WARN__DUPLICATE_METHOD_MATCH = YES;
				COPY_PHASE_STRIP = NO;
				DEBUG_INFORMATION_FORMAT = "dwarf-with-dsym";
				ENABLE_NS_ASSERTIONS = NO;
				ENABLE_STRICT_OBJC_MSGSEND = YES;
				ENABLE_USER_SCRIPT_SANDBOXING = YES;
				GCC_C_LANGUAGE_STANDARD = gnu17;
				GCC_NO_COMMON_BLOCKS = YES;
				GCC_WARN_64_TO_32_BIT_CONVERSION = YES;
				GCC_WARN_ABOUT_RETURN_TYPE = YES_ERROR;
				GCC_WARN_UNDECLARED_SELECTOR = YES;
				GCC_WARN_UNINITIALIZED_AUTOS = YES_AGGRESSIVE;
				GCC_WARN_UNUSED_FUNCTION = YES;
				GCC_WARN_UNUSED_VARIABLE = YES;
				IPHONEOS_DEPLOYMENT_TARGET = 17.2;
				LOCALIZATION_PREFERS_STRING_CATALOGS = YES;
				MTL_ENABLE_DEBUG_INFO = NO;
				MTL_FAST_MATH = YES;
				SDKROOT = iphoneos;
				SWIFT_COMPILATION_MODE = wholemodule;
				VALIDATE_PRODUCT = YES;
			};
			name = Release;
		};
		2DE09BAC2BBE114C00700D32 /* Debug */ = {
			isa = XCBuildConfiguration;
			buildSettings = {
				ASSETCATALOG_COMPILER_APPICON_NAME = AppIcon;
				ASSETCATALOG_COMPILER_GLOBAL_ACCENT_COLOR_NAME = AccentColor;
				CODE_SIGN_STYLE = Automatic;
				CURRENT_PROJECT_VERSION = 1;
				GENERATE_INFOPLIST_FILE = YES;
				INFOPLIST_FILE = FirebaseExample/Info.plist;
				INFOPLIST_KEY_UIApplicationSupportsIndirectInputEvents = YES;
				INFOPLIST_KEY_UILaunchStoryboardName = LaunchScreen;
				INFOPLIST_KEY_UISupportedInterfaceOrientations_iPad = "UIInterfaceOrientationPortrait UIInterfaceOrientationPortraitUpsideDown UIInterfaceOrientationLandscapeLeft UIInterfaceOrientationLandscapeRight";
				INFOPLIST_KEY_UISupportedInterfaceOrientations_iPhone = "UIInterfaceOrientationPortrait UIInterfaceOrientationLandscapeLeft UIInterfaceOrientationLandscapeRight";
				LD_RUNPATH_SEARCH_PATHS = (
					"$(inherited)",
					"@executable_path/Frameworks",
				);
				MARKETING_VERSION = 1.0;
				PRODUCT_BUNDLE_IDENTIFIER = com.ZiganshinAzat.FirebaseExample;
				PRODUCT_NAME = "$(TARGET_NAME)";
				SWIFT_EMIT_LOC_STRINGS = YES;
				SWIFT_VERSION = 5.0;
				TARGETED_DEVICE_FAMILY = "1,2";
			};
			name = Debug;
		};
		2DE09BAD2BBE114C00700D32 /* Release */ = {
			isa = XCBuildConfiguration;
			buildSettings = {
				ASSETCATALOG_COMPILER_APPICON_NAME = AppIcon;
				ASSETCATALOG_COMPILER_GLOBAL_ACCENT_COLOR_NAME = AccentColor;
				CODE_SIGN_STYLE = Automatic;
				CURRENT_PROJECT_VERSION = 1;
				GENERATE_INFOPLIST_FILE = YES;
				INFOPLIST_FILE = FirebaseExample/Info.plist;
				INFOPLIST_KEY_UIApplicationSupportsIndirectInputEvents = YES;
				INFOPLIST_KEY_UILaunchStoryboardName = LaunchScreen;
				INFOPLIST_KEY_UISupportedInterfaceOrientations_iPad = "UIInterfaceOrientationPortrait UIInterfaceOrientationPortraitUpsideDown UIInterfaceOrientationLandscapeLeft UIInterfaceOrientationLandscapeRight";
				INFOPLIST_KEY_UISupportedInterfaceOrientations_iPhone = "UIInterfaceOrientationPortrait UIInterfaceOrientationLandscapeLeft UIInterfaceOrientationLandscapeRight";
				LD_RUNPATH_SEARCH_PATHS = (
					"$(inherited)",
					"@executable_path/Frameworks",
				);
				MARKETING_VERSION = 1.0;
				PRODUCT_BUNDLE_IDENTIFIER = com.ZiganshinAzat.FirebaseExample;
				PRODUCT_NAME = "$(TARGET_NAME)";
				SWIFT_EMIT_LOC_STRINGS = YES;
				SWIFT_VERSION = 5.0;
				TARGETED_DEVICE_FAMILY = "1,2";
			};
			name = Release;
		};
/* End XCBuildConfiguration section */

/* Begin XCConfigurationList section */
		2DE09B922BBE114A00700D32 /* Build configuration list for PBXProject "FirebaseExample" */ = {
			isa = XCConfigurationList;
			buildConfigurations = (
				2DE09BA92BBE114C00700D32 /* Debug */,
				2DE09BAA2BBE114C00700D32 /* Release */,
			);
			defaultConfigurationIsVisible = 0;
			defaultConfigurationName = Release;
		};
		2DE09BAB2BBE114C00700D32 /* Build configuration list for PBXNativeTarget "FirebaseExample" */ = {
			isa = XCConfigurationList;
			buildConfigurations = (
				2DE09BAC2BBE114C00700D32 /* Debug */,
				2DE09BAD2BBE114C00700D32 /* Release */,
			);
			defaultConfigurationIsVisible = 0;
			defaultConfigurationName = Release;
		};
/* End XCConfigurationList section */

/* Begin XCRemoteSwiftPackageReference section */
		2DE09BB02BBE149200700D32 /* XCRemoteSwiftPackageReference "firebase-ios-sdk" */ = {
			isa = XCRemoteSwiftPackageReference;
			repositoryURL = "https://github.com/firebase/firebase-ios-sdk";
			requirement = {
				kind = upToNextMajorVersion;
				minimumVersion = 10.23.1;
			};
		};
		2DE09BC42BC060D200700D32 /* XCRemoteSwiftPackageReference "Kingfisher" */ = {
			isa = XCRemoteSwiftPackageReference;
			repositoryURL = "https://github.com/onevcat/Kingfisher";
			requirement = {
				kind = upToNextMajorVersion;
				minimumVersion = 7.11.0;
			};
		};
/* End XCRemoteSwiftPackageReference section */

/* Begin XCSwiftPackageProductDependency section */
		2DE09BB12BBE149200700D32 /* FirebaseAnalytics */ = {
			isa = XCSwiftPackageProductDependency;
			package = 2DE09BB02BBE149200700D32 /* XCRemoteSwiftPackageReference "firebase-ios-sdk" */;
			productName = FirebaseAnalytics;
		};
		2DE09BB32BBE149200700D32 /* FirebaseAnalyticsOnDeviceConversion */ = {
			isa = XCSwiftPackageProductDependency;
			package = 2DE09BB02BBE149200700D32 /* XCRemoteSwiftPackageReference "firebase-ios-sdk" */;
			productName = FirebaseAnalyticsOnDeviceConversion;
		};
		2DE09BB52BBE149200700D32 /* FirebaseAnalyticsSwift */ = {
			isa = XCSwiftPackageProductDependency;
			package = 2DE09BB02BBE149200700D32 /* XCRemoteSwiftPackageReference "firebase-ios-sdk" */;
			productName = FirebaseAnalyticsSwift;
		};
		2DE09BB72BBE149200700D32 /* FirebaseAnalyticsWithoutAdIdSupport */ = {
			isa = XCSwiftPackageProductDependency;
			package = 2DE09BB02BBE149200700D32 /* XCRemoteSwiftPackageReference "firebase-ios-sdk" */;
			productName = FirebaseAnalyticsWithoutAdIdSupport;
		};
		2DE09BB92BBE149200700D32 /* FirebaseAppCheck */ = {
			isa = XCSwiftPackageProductDependency;
			package = 2DE09BB02BBE149200700D32 /* XCRemoteSwiftPackageReference "firebase-ios-sdk" */;
			productName = FirebaseAppCheck;
		};
		2DE09BBE2BC01C3500700D32 /* FirebaseStorage */ = {
			isa = XCSwiftPackageProductDependency;
			package = 2DE09BB02BBE149200700D32 /* XCRemoteSwiftPackageReference "firebase-ios-sdk" */;
			productName = FirebaseStorage;
		};
		2DE09BC02BC01C5500700D32 /* FirebaseDatabase */ = {
			isa = XCSwiftPackageProductDependency;
			package = 2DE09BB02BBE149200700D32 /* XCRemoteSwiftPackageReference "firebase-ios-sdk" */;
			productName = FirebaseDatabase;
		};
		2DE09BC22BC021BF00700D32 /* FirebaseFirestore */ = {
			isa = XCSwiftPackageProductDependency;
			package = 2DE09BB02BBE149200700D32 /* XCRemoteSwiftPackageReference "firebase-ios-sdk" */;
			productName = FirebaseFirestore;
		};
		2DE09BC52BC060D200700D32 /* Kingfisher */ = {
			isa = XCSwiftPackageProductDependency;
			package = 2DE09BC42BC060D200700D32 /* XCRemoteSwiftPackageReference "Kingfisher" */;
			productName = Kingfisher;
		};
/* End XCSwiftPackageProductDependency section */
	};
	rootObject = 2DE09B8F2BBE114A00700D32 /* Project object */;
}
